// !$*UTF8*$!
{
	archiveVersion = 1;
	classes = {
	};
	objectVersion = 46;
	objects = {

/* Begin PBXBuildFile section */
		5EB77B421E6B214500FA3C30 /* AppDelegate.swift in Sources */ = {isa = PBXBuildFile; fileRef = 5EB77B411E6B214500FA3C30 /* AppDelegate.swift */; };
		5EB77B441E6B214500FA3C30 /* ViewController.swift in Sources */ = {isa = PBXBuildFile; fileRef = 5EB77B431E6B214500FA3C30 /* ViewController.swift */; };
		5EB77B471E6B214500FA3C30 /* Main.storyboard in Resources */ = {isa = PBXBuildFile; fileRef = 5EB77B451E6B214500FA3C30 /* Main.storyboard */; };
		5EB77B491E6B214500FA3C30 /* Assets.xcassets in Resources */ = {isa = PBXBuildFile; fileRef = 5EB77B481E6B214500FA3C30 /* Assets.xcassets */; };
		5EB77B4C1E6B214500FA3C30 /* LaunchScreen.storyboard in Resources */ = {isa = PBXBuildFile; fileRef = 5EB77B4A1E6B214500FA3C30 /* LaunchScreen.storyboard */; };
		5EB77B541E6B53EB00FA3C30 /* GoogleService-Info.plist in Resources */ = {isa = PBXBuildFile; fileRef = 5EB77B531E6B53EB00FA3C30 /* GoogleService-Info.plist */; };
		5ED287551E82165A00B7FFBD /* PokeAnnotation.swift in Sources */ = {isa = PBXBuildFile; fileRef = 5ED287541E82165A00B7FFBD /* PokeAnnotation.swift */; };
		757B8C4EF0B2B7E8D9F4F316 /* Pods_PokeFinder.framework in Frameworks */ = {isa = PBXBuildFile; fileRef = CD0521254866E83987DBC77E /* Pods_PokeFinder.framework */; };
/* End PBXBuildFile section */

/* Begin PBXFileReference section */
		5EB77B3E1E6B214500FA3C30 /* PokeFinder.app */ = {isa = PBXFileReference; explicitFileType = wrapper.application; includeInIndex = 0; path = PokeFinder.app; sourceTree = BUILT_PRODUCTS_DIR; };
		5EB77B411E6B214500FA3C30 /* AppDelegate.swift */ = {isa = PBXFileReference; lastKnownFileType = sourcecode.swift; path = AppDelegate.swift; sourceTree = "<group>"; };
		5EB77B431E6B214500FA3C30 /* ViewController.swift */ = {isa = PBXFileReference; lastKnownFileType = sourcecode.swift; path = ViewController.swift; sourceTree = "<group>"; };
		5EB77B461E6B214500FA3C30 /* Base */ = {isa = PBXFileReference; lastKnownFileType = file.storyboard; name = Base; path = Base.lproj/Main.storyboard; sourceTree = "<group>"; };
		5EB77B481E6B214500FA3C30 /* Assets.xcassets */ = {isa = PBXFileReference; lastKnownFileType = folder.assetcatalog; path = Assets.xcassets; sourceTree = "<group>"; };
		5EB77B4B1E6B214500FA3C30 /* Base */ = {isa = PBXFileReference; lastKnownFileType = file.storyboard; name = Base; path = Base.lproj/LaunchScreen.storyboard; sourceTree = "<group>"; };
		5EB77B4D1E6B214500FA3C30 /* Info.plist */ = {isa = PBXFileReference; lastKnownFileType = text.plist.xml; path = Info.plist; sourceTree = "<group>"; };
		5EB77B531E6B53EB00FA3C30 /* GoogleService-Info.plist */ = {isa = PBXFileReference; fileEncoding = 4; lastKnownFileType = text.plist.xml; path = "GoogleService-Info.plist"; sourceTree = "<group>"; };
		5ED287541E82165A00B7FFBD /* PokeAnnotation.swift */ = {isa = PBXFileReference; fileEncoding = 4; lastKnownFileType = sourcecode.swift; path = PokeAnnotation.swift; sourceTree = "<group>"; };
		9B5527B7E5F53A68A7361FAB /* Pods-PokeFinder.debug.xcconfig */ = {isa = PBXFileReference; includeInIndex = 1; lastKnownFileType = text.xcconfig; name = "Pods-PokeFinder.debug.xcconfig"; path = "Pods/Target Support Files/Pods-PokeFinder/Pods-PokeFinder.debug.xcconfig"; sourceTree = "<group>"; };
		A6837DD54A958AF4AB6816F5 /* Pods-PokeFinder.release.xcconfig */ = {isa = PBXFileReference; includeInIndex = 1; lastKnownFileType = text.xcconfig; name = "Pods-PokeFinder.release.xcconfig"; path = "Pods/Target Support Files/Pods-PokeFinder/Pods-PokeFinder.release.xcconfig"; sourceTree = "<group>"; };
		CD0521254866E83987DBC77E /* Pods_PokeFinder.framework */ = {isa = PBXFileReference; explicitFileType = wrapper.framework; includeInIndex = 0; path = Pods_PokeFinder.framework; sourceTree = BUILT_PRODUCTS_DIR; };
/* End PBXFileReference section */

/* Begin PBXFrameworksBuildPhase section */
		5EB77B3B1E6B214500FA3C30 /* Frameworks */ = {
			isa = PBXFrameworksBuildPhase;
			buildActionMask = 2147483647;
			files = (
				757B8C4EF0B2B7E8D9F4F316 /* Pods_PokeFinder.framework in Frameworks */,
			);
			runOnlyForDeploymentPostprocessing = 0;
		};
/* End PBXFrameworksBuildPhase section */

/* Begin PBXGroup section */
		5EB77B351E6B214500FA3C30 = {
			isa = PBXGroup;
			children = (
				5EB77B401E6B214500FA3C30 /* PokeFinder */,
				5EB77B3F1E6B214500FA3C30 /* Products */,
				6B5F78C8B1CFA86F1A8ABF1E /* Pods */,
				D72967D63224A04222E2B205 /* Frameworks */,
			);
			sourceTree = "<group>";
		};
		5EB77B3F1E6B214500FA3C30 /* Products */ = {
			isa = PBXGroup;
			children = (
				5EB77B3E1E6B214500FA3C30 /* PokeFinder.app */,
			);
			name = Products;
			sourceTree = "<group>";
		};
		5EB77B401E6B214500FA3C30 /* PokeFinder */ = {
			isa = PBXGroup;
			children = (
				5ED287531E82161000B7FFBD /* Model */,
				5ED287521E82160B00B7FFBD /* Controller */,
				5EB77B411E6B214500FA3C30 /* AppDelegate.swift */,
				5EB77B4A1E6B214500FA3C30 /* LaunchScreen.storyboard */,
				5EB77B451E6B214500FA3C30 /* Main.storyboard */,
				5EB77B531E6B53EB00FA3C30 /* GoogleService-Info.plist */,
				5EB77B4D1E6B214500FA3C30 /* Info.plist */,
				5EB77B481E6B214500FA3C30 /* Assets.xcassets */,
			);
			path = PokeFinder;
			sourceTree = "<group>";
		};
		5ED287521E82160B00B7FFBD /* Controller */ = {
			isa = PBXGroup;
			children = (
				5EB77B431E6B214500FA3C30 /* ViewController.swift */,
			);
			name = Controller;
			sourceTree = "<group>";
		};
		5ED287531E82161000B7FFBD /* Model */ = {
			isa = PBXGroup;
			children = (
				5ED287541E82165A00B7FFBD /* PokeAnnotation.swift */,
			);
			name = Model;
			sourceTree = "<group>";
		};
		6B5F78C8B1CFA86F1A8ABF1E /* Pods */ = {
			isa = PBXGroup;
			children = (
				9B5527B7E5F53A68A7361FAB /* Pods-PokeFinder.debug.xcconfig */,
				A6837DD54A958AF4AB6816F5 /* Pods-PokeFinder.release.xcconfig */,
			);
			name = Pods;
			sourceTree = "<group>";
		};
		D72967D63224A04222E2B205 /* Frameworks */ = {
			isa = PBXGroup;
			children = (
				CD0521254866E83987DBC77E /* Pods_PokeFinder.framework */,
			);
			name = Frameworks;
			sourceTree = "<group>";
		};
/* End PBXGroup section */

/* Begin PBXNativeTarget section */
		5EB77B3D1E6B214500FA3C30 /* PokeFinder */ = {
			isa = PBXNativeTarget;
			buildConfigurationList = 5EB77B501E6B214500FA3C30 /* Build configuration list for PBXNativeTarget "PokeFinder" */;
			buildPhases = (
				4330E0DC80983AC6E4BE37C2 /* [CP] Check Pods Manifest.lock */,
				5EB77B3A1E6B214500FA3C30 /* Sources */,
				5EB77B3B1E6B214500FA3C30 /* Frameworks */,
				5EB77B3C1E6B214500FA3C30 /* Resources */,
				8A9AC9D4F283893AF7E078D8 /* [CP] Embed Pods Frameworks */,
				230B51E46BADECA18239ADE1 /* [CP] Copy Pods Resources */,
			);
			buildRules = (
			);
			dependencies = (
			);
			name = PokeFinder;
			productName = PokeFinder;
			productReference = 5EB77B3E1E6B214500FA3C30 /* PokeFinder.app */;
			productType = "com.apple.product-type.application";
		};
/* End PBXNativeTarget section */

/* Begin PBXProject section */
		5EB77B361E6B214500FA3C30 /* Project object */ = {
			isa = PBXProject;
			attributes = {
				LastSwiftUpdateCheck = 0800;
				LastUpgradeCheck = 0800;
				ORGANIZATIONNAME = "Forrest Knight";
				TargetAttributes = {
					5EB77B3D1E6B214500FA3C30 = {
						CreatedOnToolsVersion = 8.0;
						DevelopmentTeam = RPX5FXH8WZ;
						ProvisioningStyle = Automatic;
					};
				};
			};
			buildConfigurationList = 5EB77B391E6B214500FA3C30 /* Build configuration list for PBXProject "PokeFinder" */;
			compatibilityVersion = "Xcode 3.2";
			developmentRegion = English;
			hasScannedForEncodings = 0;
			knownRegions = (
				en,
				Base,
			);
			mainGroup = 5EB77B351E6B214500FA3C30;
			productRefGroup = 5EB77B3F1E6B214500FA3C30 /* Products */;
			projectDirPath = "";
			projectRoot = "";
			targets = (
				5EB77B3D1E6B214500FA3C30 /* PokeFinder */,
			);
		};
/* End PBXProject section */

/* Begin PBXResourcesBuildPhase section */
		5EB77B3C1E6B214500FA3C30 /* Resources */ = {
			isa = PBXResourcesBuildPhase;
			buildActionMask = 2147483647;
			files = (
				5EB77B4C1E6B214500FA3C30 /* LaunchScreen.storyboard in Resources */,
				5EB77B541E6B53EB00FA3C30 /* GoogleService-Info.plist in Resources */,
				5EB77B491E6B214500FA3C30 /* Assets.xcassets in Resources */,
				5EB77B471E6B214500FA3C30 /* Main.storyboard in Resources */,
			);
			runOnlyForDeploymentPostprocessing = 0;
		};
/* End PBXResourcesBuildPhase section */

/* Begin PBXShellScriptBuildPhase section */
		230B51E46BADECA18239ADE1 /* [CP] Copy Pods Resources */ = {
			isa = PBXShellScriptBuildPhase;
			buildActionMask = 2147483647;
			files = (
			);
			inputPaths = (
			);
			name = "[CP] Copy Pods Resources";
			outputPaths = (
			);
			runOnlyForDeploymentPostprocessing = 0;
			shellPath = /bin/sh;
			shellScript = "\"${SRCROOT}/Pods/Target Support Files/Pods-PokeFinder/Pods-PokeFinder-resources.sh\"\n";
			showEnvVarsInLog = 0;
		};
		4330E0DC80983AC6E4BE37C2 /* [CP] Check Pods Manifest.lock */ = {
			isa = PBXShellScriptBuildPhase;
			buildActionMask = 2147483647;
			files = (
			);
			inputPaths = (
			);
			name = "[CP] Check Pods Manifest.lock";
			outputPaths = (
			);
			runOnlyForDeploymentPostprocessing = 0;
			shellPath = /bin/sh;
			shellScript = "diff \"${PODS_ROOT}/../Podfile.lock\" \"${PODS_ROOT}/Manifest.lock\" > /dev/null\nif [ $? != 0 ] ; then\n    # print error to STDERR\n    echo \"error: The sandbox is not in sync with the Podfile.lock. Run 'pod install' or update your CocoaPods installation.\" >&2\n    exit 1\nfi\n";
			showEnvVarsInLog = 0;
		};
		8A9AC9D4F283893AF7E078D8 /* [CP] Embed Pods Frameworks */ = {
			isa = PBXShellScriptBuildPhase;
			buildActionMask = 2147483647;
			files = (
			);
			inputPaths = (
			);
			name = "[CP] Embed Pods Frameworks";
			outputPaths = (
			);
			runOnlyForDeploymentPostprocessing = 0;
			shellPath = /bin/sh;
			shellScript = "\"${SRCROOT}/Pods/Target Support Files/Pods-PokeFinder/Pods-PokeFinder-frameworks.sh\"\n";
			showEnvVarsInLog = 0;
		};
/* End PBXShellScriptBuildPhase section */

/* Begin PBXSourcesBuildPhase section */
		5EB77B3A1E6B214500FA3C30 /* Sources */ = {
			isa = PBXSourcesBuildPhase;
			buildActionMask = 2147483647;
			files = (
				5EB77B441E6B214500FA3C30 /* ViewController.swift in Sources */,
				5ED287551E82165A00B7FFBD /* PokeAnnotation.swift in Sources */,
				5EB77B421E6B214500FA3C30 /* AppDelegate.swift in Sources */,
			);
			runOnlyForDeploymentPostprocessing = 0;
		};
/* End PBXSourcesBuildPhase section */

/* Begin PBXVariantGroup section */
		5EB77B451E6B214500FA3C30 /* Main.storyboard */ = {
			isa = PBXVariantGroup;
			children = (
				5EB77B461E6B214500FA3C30 /* Base */,
			);
			name = Main.storyboard;
			sourceTree = "<group>";
		};
		5EB77B4A1E6B214500FA3C30 /* LaunchScreen.storyboard */ = {
			isa = PBXVariantGroup;
			children = (
				5EB77B4B1E6B214500FA3C30 /* Base */,
			);
			name = LaunchScreen.storyboard;
			sourceTree = "<group>";
		};
/* End PBXVariantGroup section */

/* Begin XCBuildConfiguration section */
		5EB77B4E1E6B214500FA3C30 /* Debug */ = {
			isa = XCBuildConfiguration;
			buildSettings = {
				ALWAYS_SEARCH_USER_PATHS = NO;
				CLANG_ANALYZER_NONNULL = YES;
				CLANG_CXX_LANGUAGE_STANDARD = "gnu++0x";
				CLANG_CXX_LIBRARY = "libc++";
				CLANG_ENABLE_MODULES = YES;
				CLANG_ENABLE_OBJC_ARC = YES;
				CLANG_WARN_BOOL_CONVERSION = YES;
				CLANG_WARN_CONSTANT_CONVERSION = YES;
				CLANG_WARN_DIRECT_OBJC_ISA_USAGE = YES_ERROR;
				CLANG_WARN_DOCUMENTATION_COMMENTS = YES;
				CLANG_WARN_EMPTY_BODY = YES;
				CLANG_WARN_ENUM_CONVERSION = YES;
				CLANG_WARN_INFINITE_RECURSION = YES;
				CLANG_WARN_INT_CONVERSION = YES;
				CLANG_WARN_OBJC_ROOT_CLASS = YES_ERROR;
				CLANG_WARN_SUSPICIOUS_MOVES = YES;
				CLANG_WARN_UNREACHABLE_CODE = YES;
				CLANG_WARN__DUPLICATE_METHOD_MATCH = YES;
				"CODE_SIGN_IDENTITY[sdk=iphoneos*]" = "iPhone Developer";
				COPY_PHASE_STRIP = NO;
				DEBUG_INFORMATION_FORMAT = dwarf;
				ENABLE_STRICT_OBJC_MSGSEND = YES;
				ENABLE_TESTABILITY = YES;
				GCC_C_LANGUAGE_STANDARD = gnu99;
				GCC_DYNAMIC_NO_PIC = NO;
				GCC_NO_COMMON_BLOCKS = YES;
				GCC_OPTIMIZATION_LEVEL = 0;
				GCC_PREPROCESSOR_DEFINITIONS = (
					"DEBUG=1",
					"$(inherited)",
				);
				GCC_WARN_64_TO_32_BIT_CONVERSION = YES;
				GCC_WARN_ABOUT_RETURN_TYPE = YES_ERROR;
				GCC_WARN_UNDECLARED_SELECTOR = YES;
				GCC_WARN_UNINITIALIZED_AUTOS = YES_AGGRESSIVE;
				GCC_WARN_UNUSED_FUNCTION = YES;
				GCC_WARN_UNUSED_VARIABLE = YES;
				IPHONEOS_DEPLOYMENT_TARGET = 10.0;
				MTL_ENABLE_DEBUG_INFO = YES;
				ONLY_ACTIVE_ARCH = YES;
				SDKROOT = iphoneos;
				SWIFT_ACTIVE_COMPILATION_CONDITIONS = DEBUG;
				SWIFT_OPTIMIZATION_LEVEL = "-Onone";
			};
			name = Debug;
		};
		5EB77B4F1E6B214500FA3C30 /* Release */ = {
			isa = XCBuildConfiguration;
			buildSettings = {
				ALWAYS_SEARCH_USER_PATHS = NO;
				CLANG_ANALYZER_NONNULL = YES;
				CLANG_CXX_LANGUAGE_STANDARD = "gnu++0x";
				CLANG_CXX_LIBRARY = "libc++";
				CLANG_ENABLE_MODULES = YES;
				CLANG_ENABLE_OBJC_ARC = YES;
				CLANG_WARN_BOOL_CONVERSION = YES;
				CLANG_WARN_CONSTANT_CONVERSION = YES;
				CLANG_WARN_DIRECT_OBJC_ISA_USAGE = YES_ERROR;
				CLANG_WARN_DOCUMENTATION_COMMENTS = YES;
				CLANG_WARN_EMPTY_BODY = YES;
				CLANG_WARN_ENUM_CONVERSION = YES;
				CLANG_WARN_INFINITE_RECURSION = YES;
				CLANG_WARN_INT_CONVERSION = YES;
				CLANG_WARN_OBJC_ROOT_CLASS = YES_ERROR;
				CLANG_WARN_SUSPICIOUS_MOVES = YES;
				CLANG_WARN_UNREACHABLE_CODE = YES;
				CLANG_WARN__DUPLICATE_METHOD_MATCH = YES;
				"CODE_SIGN_IDENTITY[sdk=iphoneos*]" = "iPhone Developer";
				COPY_PHASE_STRIP = NO;
				DEBUG_INFORMATION_FORMAT = "dwarf-with-dsym";
				ENABLE_NS_ASSERTIONS = NO;
				ENABLE_STRICT_OBJC_MSGSEND = YES;
				GCC_C_LANGUAGE_STANDARD = gnu99;
				GCC_NO_COMMON_BLOCKS = YES;
				GCC_WARN_64_TO_32_BIT_CONVERSION = YES;
				GCC_WARN_ABOUT_RETURN_TYPE = YES_ERROR;
				GCC_WARN_UNDECLARED_SELECTOR = YES;
				GCC_WARN_UNINITIALIZED_AUTOS = YES_AGGRESSIVE;
				GCC_WARN_UNUSED_FUNCTION = YES;
				GCC_WARN_UNUSED_VARIABLE = YES;
				IPHONEOS_DEPLOYMENT_TARGET = 10.0;
				MTL_ENABLE_DEBUG_INFO = NO;
				SDKROOT = iphoneos;
				SWIFT_OPTIMIZATION_LEVEL = "-Owholemodule";
				VALIDATE_PRODUCT = YES;
			};
			name = Release;
		};
		5EB77B511E6B214500FA3C30 /* Debug */ = {
			isa = XCBuildConfiguration;
			baseConfigurationReference = 9B5527B7E5F53A68A7361FAB /* Pods-PokeFinder.debug.xcconfig */;
			buildSettings = {
				ASSETCATALOG_COMPILER_APPICON_NAME = AppIcon;
				DEVELOPMENT_TEAM = RPX5FXH8WZ;
				INFOPLIST_FILE = PokeFinder/Info.plist;
				LD_RUNPATH_SEARCH_PATHS = "$(inherited) @executable_path/Frameworks";
				PRODUCT_BUNDLE_IDENTIFIER = com.ForrestKnight.PokeFinder;
				PRODUCT_NAME = "$(TARGET_NAME)";
				SWIFT_VERSION = 3.0;
			};
			name = Debug;
		};
		5EB77B521E6B214500FA3C30 /* Release */ = {
			isa = XCBuildConfiguration;
			baseConfigurationReference = A6837DD54A958AF4AB6816F5 /* Pods-PokeFinder.release.xcconfig */;
			buildSettings = {
				ASSETCATALOG_COMPILER_APPICON_NAME = AppIcon;
				DEVELOPMENT_TEAM = RPX5FXH8WZ;
				INFOPLIST_FILE = PokeFinder/Info.plist;
				LD_RUNPATH_SEARCH_PATHS = "$(inherited) @executable_path/Frameworks";
				PRODUCT_BUNDLE_IDENTIFIER = com.ForrestKnight.PokeFinder;
				PRODUCT_NAME = "$(TARGET_NAME)";
				SWIFT_VERSION = 3.0;
			};
			name = Release;
		};
/* End XCBuildConfiguration section */

/* Begin XCConfigurationList section */
		5EB77B391E6B214500FA3C30 /* Build configuration list for PBXProject "PokeFinder" */ = {
			isa = XCConfigurationList;
			buildConfigurations = (
				5EB77B4E1E6B214500FA3C30 /* Debug */,
				5EB77B4F1E6B214500FA3C30 /* Release */,
			);
			defaultConfigurationIsVisible = 0;
			defaultConfigurationName = Release;
		};
		5EB77B501E6B214500FA3C30 /* Build configuration list for PBXNativeTarget "PokeFinder" */ = {
			isa = XCConfigurationList;
			buildConfigurations = (
				5EB77B511E6B214500FA3C30 /* Debug */,
				5EB77B521E6B214500FA3C30 /* Release */,
			);
			defaultConfigurationIsVisible = 0;
			defaultConfigurationName = Release;
		};
/* End XCConfigurationList section */
	};
	rootObject = 5EB77B361E6B214500FA3C30 /* Project object */;
}
